
Microsoft Visual Studio Solution File, Format Version 12.00
# Visual Studio Version 17
VisualStudioVersion = 17.5.33516.290
MinimumVisualStudioVersion = 10.0.40219.1
Project("{9A19103F-16F7-4668-BE54-9A1E7A4F7556}") = "CalorieTracker.Domains", "CalorieTracker.Domains\CalorieTracker.Domains.csproj", "{A2445340-D204-4C0C-8D93-CB3532B4FD7C}"
EndProject
Project("{9A19103F-16F7-4668-BE54-9A1E7A4F7556}") = "CalorieTracker.Data", "CalorieTracker.Data\CalorieTracker.Data.csproj", "{2951FD51-3B60-4F27-B430-292F4A689CDB}"
	ProjectSection(ProjectDependencies) = postProject
		{A2445340-D204-4C0C-8D93-CB3532B4FD7C} = {A2445340-D204-4C0C-8D93-CB3532B4FD7C}
	EndProjectSection
EndProject
Project("{FAE04EC0-301F-11D3-BF4B-00C04F79EFBC}") = "CalorieTracker.Api", "CalorieTracker.Api\CalorieTracker.Api.csproj", "{C4E009AA-9218-4CC4-AD98-89A93F2C56ED}"
EndProject
Global
	GlobalSection(SolutionConfigurationPlatforms) = preSolution
		Debug|Any CPU = Debug|Any CPU
		Release|Any CPU = Release|Any CPU
	EndGlobalSection
	GlobalSection(ProjectConfigurationPlatforms) = postSolution
		{A2445340-D204-4C0C-8D93-CB3532B4FD7C}.Debug|Any CPU.ActiveCfg = Debug|Any CPU
		{A2445340-D204-4C0C-8D93-CB3532B4FD7C}.Debug|Any CPU.Build.0 = Debug|Any CPU
		{A2445340-D204-4C0C-8D93-CB3532B4FD7C}.Release|Any CPU.ActiveCfg = Release|Any CPU
		{A2445340-D204-4C0C-8D93-CB3532B4FD7C}.Release|Any CPU.Build.0 = Release|Any CPU
		{2951FD51-3B60-4F27-B430-292F4A689CDB}.Debug|Any CPU.ActiveCfg = Debug|Any CPU
		{2951FD51-3B60-4F27-B430-292F4A689CDB}.Debug|Any CPU.Build.0 = Debug|Any CPU
		{2951FD51-3B60-4F27-B430-292F4A689CDB}.Release|Any CPU.ActiveCfg = Release|Any CPU
		{2951FD51-3B60-4F27-B430-292F4A689CDB}.Release|Any CPU.Build.0 = Release|Any CPU
		{C4E009AA-9218-4CC4-AD98-89A93F2C56ED}.Debug|Any CPU.ActiveCfg = Debug|Any CPU
		{C4E009AA-9218-4CC4-AD98-89A93F2C56ED}.Debug|Any CPU.Build.0 = Debug|Any CPU
		{C4E009AA-9218-4CC4-AD98-89A93F2C56ED}.Release|Any CPU.ActiveCfg = Release|Any CPU
		{C4E009AA-9218-4CC4-AD98-89A93F2C56ED}.Release|Any CPU.Build.0 = Release|Any CPU
	EndGlobalSection
	GlobalSection(SolutionProperties) = preSolution
		HideSolutionNode = FALSE
	EndGlobalSection
	GlobalSection(ExtensibilityGlobals) = postSolution
		SolutionGuid = {9AE71362-B340-47B3-934D-0E9FCBA55A92}
	EndGlobalSection
EndGlobal
